// !$*UTF8*$!
{
	archiveVersion = 1;
	classes = {
	};
	objectVersion = 77;
	objects = {

/* Begin PBXContainerItemProxy section */
		AE1888872DF8E977009E087C /* PBXContainerItemProxy */ = {
			isa = PBXContainerItemProxy;
			containerPortal = AE1888682DF8E975009E087C /* Project object */;
			proxyType = 1;
			remoteGlobalIDString = AE18886F2DF8E975009E087C;
			remoteInfo = ViewerTestProject;
		};
		AE1888912DF8E977009E087C /* PBXContainerItemProxy */ = {
			isa = PBXContainerItemProxy;
			containerPortal = AE1888682DF8E975009E087C /* Project object */;
			proxyType = 1;
			remoteGlobalIDString = AE18886F2DF8E975009E087C;
			remoteInfo = ViewerTestProject;
		};
/* End PBXContainerItemProxy section */

/* Begin PBXFileReference section */
		AE1888702DF8E975009E087C /* ViewerTestProject.app */ = {isa = PBXFileReference; explicitFileType = wrapper.application; includeInIndex = 0; path = ViewerTestProject.app; sourceTree = BUILT_PRODUCTS_DIR; };
		AE1888862DF8E977009E087C /* ViewerTestProjectTests.xctest */ = {isa = PBXFileReference; explicitFileType = wrapper.cfbundle; includeInIndex = 0; path = ViewerTestProjectTests.xctest; sourceTree = BUILT_PRODUCTS_DIR; };
		AE1888902DF8E977009E087C /* ViewerTestProjectUITests.xctest */ = {isa = PBXFileReference; explicitFileType = wrapper.cfbundle; includeInIndex = 0; path = ViewerTestProjectUITests.xctest; sourceTree = BUILT_PRODUCTS_DIR; };
/* End PBXFileReference section */

/* Begin PBXFileSystemSynchronizedBuildFileExceptionSet section */
		AE1888982DF8E977009E087C /* Exceptions for "ViewerTestProject" folder in "ViewerTestProject" target */ = {
			isa = PBXFileSystemSynchronizedBuildFileExceptionSet;
			membershipExceptions = (
				Info.plist,
			);
			target = AE18886F2DF8E975009E087C /* ViewerTestProject */;
		};
		AE1888AD2DF8EF10009E087C /* Exceptions for "ViewerTestProject" folder in "ViewerTestProjectTests" target */ = {
			isa = PBXFileSystemSynchronizedBuildFileExceptionSet;
			membershipExceptions = (
				Resource/SampleVideo_1280x720_30mb_h264_AAC.mp4,
			);
			target = AE1888852DF8E977009E087C /* ViewerTestProjectTests */;
		};
		AE1888AE2DF8EF10009E087C /* Exceptions for "ViewerTestProject" folder in "ViewerTestProjectUITests" target */ = {
			isa = PBXFileSystemSynchronizedBuildFileExceptionSet;
			membershipExceptions = (
				Resource/SampleVideo_1280x720_30mb_h264_AAC.mp4,
			);
			target = AE18888F2DF8E977009E087C /* ViewerTestProjectUITests */;
		};
/* End PBXFileSystemSynchronizedBuildFileExceptionSet section */

/* Begin PBXFileSystemSynchronizedRootGroup section */
		AE1888722DF8E975009E087C /* ViewerTestProject */ = {
			isa = PBXFileSystemSynchronizedRootGroup;
			exceptions = (
				AE1888982DF8E977009E087C /* Exceptions for "ViewerTestProject" folder in "ViewerTestProject" target */,
				AE1888AD2DF8EF10009E087C /* Exceptions for "ViewerTestProject" folder in "ViewerTestProjectTests" target */,
				AE1888AE2DF8EF10009E087C /* Exceptions for "ViewerTestProject" folder in "ViewerTestProjectUITests" target */,
			);
			path = ViewerTestProject;
			sourceTree = "<group>";
		};
		AE1888892DF8E977009E087C /* ViewerTestProjectTests */ = {
			isa = PBXFileSystemSynchronizedRootGroup;
			path = ViewerTestProjectTests;
			sourceTree = "<group>";
		};
		AE1888932DF8E977009E087C /* ViewerTestProjectUITests */ = {
			isa = PBXFileSystemSynchronizedRootGroup;
			path = ViewerTestProjectUITests;
			sourceTree = "<group>";
		};
/* End PBXFileSystemSynchronizedRootGroup section */

/* Begin PBXFrameworksBuildPhase section */
		AE18886D2DF8E975009E087C /* Frameworks */ = {
			isa = PBXFrameworksBuildPhase;
			buildActionMask = 2147483647;
			files = (
			);
			runOnlyForDeploymentPostprocessing = 0;
		};
		AE1888832DF8E977009E087C /* Frameworks */ = {
			isa = PBXFrameworksBuildPhase;
			buildActionMask = 2147483647;
			files = (
			);
			runOnlyForDeploymentPostprocessing = 0;
		};
		AE18888D2DF8E977009E087C /* Frameworks */ = {
			isa = PBXFrameworksBuildPhase;
			buildActionMask = 2147483647;
			files = (
			);
			runOnlyForDeploymentPostprocessing = 0;
		};
/* End PBXFrameworksBuildPhase section */

/* Begin PBXGroup section */
		AE1888672DF8E975009E087C = {
			isa = PBXGroup;
			children = (
				AE1888722DF8E975009E087C /* ViewerTestProject */,
				AE1888892DF8E977009E087C /* ViewerTestProjectTests */,
				AE1888932DF8E977009E087C /* ViewerTestProjectUITests */,
				AE1888712DF8E975009E087C /* Products */,
			);
			sourceTree = "<group>";
		};
		AE1888712DF8E975009E087C /* Products */ = {
			isa = PBXGroup;
			children = (
				AE1888702DF8E975009E087C /* ViewerTestProject.app */,
				AE1888862DF8E977009E087C /* ViewerTestProjectTests.xctest */,
				AE1888902DF8E977009E087C /* ViewerTestProjectUITests.xctest */,
			);
			name = Products;
			sourceTree = "<group>";
		};
/* End PBXGroup section */

/* Begin PBXNativeTarget section */
		AE18886F2DF8E975009E087C /* ViewerTestProject */ = {
			isa = PBXNativeTarget;
			buildConfigurationList = AE1888992DF8E977009E087C /* Build configuration list for PBXNativeTarget "ViewerTestProject" */;
			buildPhases = (
				AE18886C2DF8E975009E087C /* Sources */,
				AE18886D2DF8E975009E087C /* Frameworks */,
				AE18886E2DF8E975009E087C /* Resources */,
			);
			buildRules = (
			);
			dependencies = (
			);
			fileSystemSynchronizedGroups = (
				AE1888722DF8E975009E087C /* ViewerTestProject */,
			);
			name = ViewerTestProject;
			packageProductDependencies = (
			);
			productName = ViewerTestProject;
			productReference = AE1888702DF8E975009E087C /* ViewerTestProject.app */;
			productType = "com.apple.product-type.application";
		};
		AE1888852DF8E977009E087C /* ViewerTestProjectTests */ = {
			isa = PBXNativeTarget;
			buildConfigurationList = AE18889E2DF8E977009E087C /* Build configuration list for PBXNativeTarget "ViewerTestProjectTests" */;
			buildPhases = (
				AE1888822DF8E977009E087C /* Sources */,
				AE1888832DF8E977009E087C /* Frameworks */,
				AE1888842DF8E977009E087C /* Resources */,
			);
			buildRules = (
			);
			dependencies = (
				AE1888882DF8E977009E087C /* PBXTargetDependency */,
			);
			fileSystemSynchronizedGroups = (
				AE1888892DF8E977009E087C /* ViewerTestProjectTests */,
			);
			name = ViewerTestProjectTests;
			packageProductDependencies = (
			);
			productName = ViewerTestProjectTests;
			productReference = AE1888862DF8E977009E087C /* ViewerTestProjectTests.xctest */;
			productType = "com.apple.product-type.bundle.unit-test";
		};
		AE18888F2DF8E977009E087C /* ViewerTestProjectUITests */ = {
			isa = PBXNativeTarget;
			buildConfigurationList = AE1888A12DF8E977009E087C /* Build configuration list for PBXNativeTarget "ViewerTestProjectUITests" */;
			buildPhases = (
				AE18888C2DF8E977009E087C /* Sources */,
				AE18888D2DF8E977009E087C /* Frameworks */,
				AE18888E2DF8E977009E087C /* Resources */,
			);
			buildRules = (
			);
			dependencies = (
				AE1888922DF8E977009E087C /* PBXTargetDependency */,
			);
			fileSystemSynchronizedGroups = (
				AE1888932DF8E977009E087C /* ViewerTestProjectUITests */,
			);
			name = ViewerTestProjectUITests;
			packageProductDependencies = (
			);
			productName = ViewerTestProjectUITests;
			productReference = AE1888902DF8E977009E087C /* ViewerTestProjectUITests.xctest */;
			productType = "com.apple.product-type.bundle.ui-testing";
		};
/* End PBXNativeTarget section */

/* Begin PBXProject section */
		AE1888682DF8E975009E087C /* Project object */ = {
			isa = PBXProject;
			attributes = {
				BuildIndependentTargetsInParallel = 1;
				LastSwiftUpdateCheck = 1640;
				LastUpgradeCheck = 1640;
				TargetAttributes = {
					AE18886F2DF8E975009E087C = {
						CreatedOnToolsVersion = 16.4;
					};
					AE1888852DF8E977009E087C = {
						CreatedOnToolsVersion = 16.4;
						TestTargetID = AE18886F2DF8E975009E087C;
					};
					AE18888F2DF8E977009E087C = {
						CreatedOnToolsVersion = 16.4;
						TestTargetID = AE18886F2DF8E975009E087C;
					};
				};
			};
			buildConfigurationList = AE18886B2DF8E975009E087C /* Build configuration list for PBXProject "ViewerTestProject" */;
			developmentRegion = en;
			hasScannedForEncodings = 0;
			knownRegions = (
				en,
				Base,
			);
			mainGroup = AE1888672DF8E975009E087C;
			minimizedProjectReferenceProxies = 1;
			preferredProjectObjectVersion = 77;
			productRefGroup = AE1888712DF8E975009E087C /* Products */;
			projectDirPath = "";
			projectRoot = "";
			targets = (
				AE18886F2DF8E975009E087C /* ViewerTestProject */,
				AE1888852DF8E977009E087C /* ViewerTestProjectTests */,
				AE18888F2DF8E977009E087C /* ViewerTestProjectUITests */,
			);
		};
/* End PBXProject section */

/* Begin PBXResourcesBuildPhase section */
		AE18886E2DF8E975009E087C /* Resources */ = {
			isa = PBXResourcesBuildPhase;
			buildActionMask = 2147483647;
			files = (
			);
			runOnlyForDeploymentPostprocessing = 0;
		};
		AE1888842DF8E977009E087C /* Resources */ = {
			isa = PBXResourcesBuildPhase;
			buildActionMask = 2147483647;
			files = (
			);
			runOnlyForDeploymentPostprocessing = 0;
		};
		AE18888E2DF8E977009E087C /* Resources */ = {
			isa = PBXResourcesBuildPhase;
			buildActionMask = 2147483647;
			files = (
			);
			runOnlyForDeploymentPostprocessing = 0;
		};
/* End PBXResourcesBuildPhase section */

/* Begin PBXSourcesBuildPhase section */
		AE18886C2DF8E975009E087C /* Sources */ = {
			isa = PBXSourcesBuildPhase;
			buildActionMask = 2147483647;
			files = (
			);
			runOnlyForDeploymentPostprocessing = 0;
		};
		AE1888822DF8E977009E087C /* Sources */ = {
			isa = PBXSourcesBuildPhase;
			buildActionMask = 2147483647;
			files = (
			);
			runOnlyForDeploymentPostprocessing = 0;
		};
		AE18888C2DF8E977009E087C /* Sources */ = {
			isa = PBXSourcesBuildPhase;
			buildActionMask = 2147483647;
			files = (
			);
			runOnlyForDeploymentPostprocessing = 0;
		};
/* End PBXSourcesBuildPhase section */

/* Begin PBXTargetDependency section */
		AE1888882DF8E977009E087C /* PBXTargetDependency */ = {
			isa = PBXTargetDependency;
			target = AE18886F2DF8E975009E087C /* ViewerTestProject */;
			targetProxy = AE1888872DF8E977009E087C /* PBXContainerItemProxy */;
		};
		AE1888922DF8E977009E087C /* PBXTargetDependency */ = {
			isa = PBXTargetDependency;
			target = AE18886F2DF8E975009E087C /* ViewerTestProject */;
			targetProxy = AE1888912DF8E977009E087C /* PBXContainerItemProxy */;
		};
/* End PBXTargetDependency section */

/* Begin XCBuildConfiguration section */
		AE18889A2DF8E977009E087C /* Debug */ = {
			isa = XCBuildConfiguration;
			buildSettings = {
				ASSETCATALOG_COMPILER_APPICON_NAME = AppIcon;
				ASSETCATALOG_COMPILER_GLOBAL_ACCENT_COLOR_NAME = AccentColor;
				CODE_SIGN_STYLE = Automatic;
				CURRENT_PROJECT_VERSION = 1;
				DEVELOPMENT_TEAM = YM23CFUN6C;
				GENERATE_INFOPLIST_FILE = YES;
				INFOPLIST_FILE = ViewerTestProject/Info.plist;
				INFOPLIST_KEY_UIApplicationSupportsIndirectInputEvents = YES;
				INFOPLIST_KEY_UILaunchStoryboardName = LaunchScreen;
				INFOPLIST_KEY_UIMainStoryboardFile = Main;
				INFOPLIST_KEY_UISupportedInterfaceOrientations_iPad = "UIInterfaceOrientationPortrait UIInterfaceOrientationPortraitUpsideDown UIInterfaceOrientationLandscapeLeft UIInterfaceOrientationLandscapeRight";
				INFOPLIST_KEY_UISupportedInterfaceOrientations_iPhone = "UIInterfaceOrientationPortrait UIInterfaceOrientationLandscapeLeft UIInterfaceOrientationLandscapeRight";
				LD_RUNPATH_SEARCH_PATHS = (
					"$(inherited)",
					"@executable_path/Frameworks",
				);
				MARKETING_VERSION = 1.0;
				PRODUCT_BUNDLE_IDENTIFIER = test.com.ViewerTestProject;
				PRODUCT_NAME = "$(TARGET_NAME)";
				SWIFT_EMIT_LOC_STRINGS = YES;
				SWIFT_VERSION = 5.0;
				TARGETED_DEVICE_FAMILY = "1,2";
			};
			name = Debug;
		};
		AE18889B2DF8E977009E087C /* Release */ = {
			isa = XCBuildConfiguration;
			buildSettings = {
				ASSETCATALOG_COMPILER_APPICON_NAME = AppIcon;
				ASSETCATALOG_COMPILER_GLOBAL_ACCENT_COLOR_NAME = AccentColor;
				CODE_SIGN_STYLE = Automatic;
				CURRENT_PROJECT_VERSION = 1;
				DEVELOPMENT_TEAM = YM23CFUN6C;
				GENERATE_INFOPLIST_FILE = YES;
				INFOPLIST_FILE = ViewerTestProject/Info.plist;
				INFOPLIST_KEY_UIApplicationSupportsIndirectInputEvents = YES;
				INFOPLIST_KEY_UILaunchStoryboardName = LaunchScreen;
				INFOPLIST_KEY_UIMainStoryboardFile = Main;
				INFOPLIST_KEY_UISupportedInterfaceOrientations_iPad = "UIInterfaceOrientationPortrait UIInterfaceOrientationPortraitUpsideDown UIInterfaceOrientationLandscapeLeft UIInterfaceOrientationLandscapeRight";
				INFOPLIST_KEY_UISupportedInterfaceOrientations_iPhone = "UIInterfaceOrientationPortrait UIInterfaceOrientationLandscapeLeft UIInterfaceOrientationLandscapeRight";
				LD_RUNPATH_SEARCH_PATHS = (
					"$(inherited)",
					"@executable_path/Frameworks",
				);
				MARKETING_VERSION = 1.0;
				PRODUCT_BUNDLE_IDENTIFIER = test.com.ViewerTestProject;
				PRODUCT_NAME = "$(TARGET_NAME)";
				SWIFT_EMIT_LOC_STRINGS = YES;
				SWIFT_VERSION = 5.0;
				TARGETED_DEVICE_FAMILY = "1,2";
			};
			name = Release;
		};
		AE18889C2DF8E977009E087C /* Debug */ = {
			isa = XCBuildConfiguration;
			buildSettings = {
				ALWAYS_SEARCH_USER_PATHS = NO;
				ASSETCATALOG_COMPILER_GENERATE_SWIFT_ASSET_SYMBOL_EXTENSIONS = YES;
				CLANG_ANALYZER_NONNULL = YES;
				CLANG_ANALYZER_NUMBER_OBJECT_CONVERSION = YES_AGGRESSIVE;
				CLANG_CXX_LANGUAGE_STANDARD = "gnu++20";
				CLANG_ENABLE_MODULES = YES;
				CLANG_ENABLE_OBJC_ARC = YES;
				CLANG_ENABLE_OBJC_WEAK = YES;
				CLANG_WARN_BLOCK_CAPTURE_AUTORELEASING = YES;
				CLANG_WARN_BOOL_CONVERSION = YES;
				CLANG_WARN_COMMA = YES;
				CLANG_WARN_CONSTANT_CONVERSION = YES;
				CLANG_WARN_DEPRECATED_OBJC_IMPLEMENTATIONS = YES;
				CLANG_WARN_DIRECT_OBJC_ISA_USAGE = YES_ERROR;
				CLANG_WARN_DOCUMENTATION_COMMENTS = YES;
				CLANG_WARN_EMPTY_BODY = YES;
				CLANG_WARN_ENUM_CONVERSION = YES;
				CLANG_WARN_INFINITE_RECURSION = YES;
				CLANG_WARN_INT_CONVERSION = YES;
				CLANG_WARN_NON_LITERAL_NULL_CONVERSION = YES;
				CLANG_WARN_OBJC_IMPLICIT_RETAIN_SELF = YES;
				CLANG_WARN_OBJC_LITERAL_CONVERSION = YES;
				CLANG_WARN_OBJC_ROOT_CLASS = YES_ERROR;
				CLANG_WARN_QUOTED_INCLUDE_IN_FRAMEWORK_HEADER = YES;
				CLANG_WARN_RANGE_LOOP_ANALYSIS = YES;
				CLANG_WARN_STRICT_PROTOTYPES = YES;
				CLANG_WARN_SUSPICIOUS_MOVE = YES;
				CLANG_WARN_UNGUARDED_AVAILABILITY = YES_AGGRESSIVE;
				CLANG_WARN_UNREACHABLE_CODE = YES;
				CLANG_WARN__DUPLICATE_METHOD_MATCH = YES;
				COPY_PHASE_STRIP = NO;
				DEBUG_INFORMATION_FORMAT = dwarf;
				DEVELOPMENT_TEAM = YM23CFUN6C;
				ENABLE_STRICT_OBJC_MSGSEND = YES;
				ENABLE_TESTABILITY = YES;
				ENABLE_USER_SCRIPT_SANDBOXING = YES;
				GCC_C_LANGUAGE_STANDARD = gnu17;
				GCC_DYNAMIC_NO_PIC = NO;
				GCC_NO_COMMON_BLOCKS = YES;
				GCC_OPTIMIZATION_LEVEL = 0;
				GCC_PREPROCESSOR_DEFINITIONS = (
					"DEBUG=1",
					"$(inherited)",
				);
				GCC_WARN_64_TO_32_BIT_CONVERSION = YES;
				GCC_WARN_ABOUT_RETURN_TYPE = YES_ERROR;
				GCC_WARN_UNDECLARED_SELECTOR = YES;
				GCC_WARN_UNINITIALIZED_AUTOS = YES_AGGRESSIVE;
				GCC_WARN_UNUSED_FUNCTION = YES;
				GCC_WARN_UNUSED_VARIABLE = YES;
				IPHONEOS_DEPLOYMENT_TARGET = 18.5;
				LOCALIZATION_PREFERS_STRING_CATALOGS = YES;
				MTL_ENABLE_DEBUG_INFO = INCLUDE_SOURCE;
				MTL_FAST_MATH = YES;
				ONLY_ACTIVE_ARCH = YES;
				SDKROOT = iphoneos;
				SWIFT_ACTIVE_COMPILATION_CONDITIONS = "DEBUG $(inherited)";
				SWIFT_OPTIMIZATION_LEVEL = "-Onone";
			};
			name = Debug;
		};
		AE18889D2DF8E977009E087C /* Release */ = {
			isa = XCBuildConfiguration;
			buildSettings = {
				ALWAYS_SEARCH_USER_PATHS = NO;
				ASSETCATALOG_COMPILER_GENERATE_SWIFT_ASSET_SYMBOL_EXTENSIONS = YES;
				CLANG_ANALYZER_NONNULL = YES;
				CLANG_ANALYZER_NUMBER_OBJECT_CONVERSION = YES_AGGRESSIVE;
				CLANG_CXX_LANGUAGE_STANDARD = "gnu++20";
				CLANG_ENABLE_MODULES = YES;
				CLANG_ENABLE_OBJC_ARC = YES;
				CLANG_ENABLE_OBJC_WEAK = YES;
				CLANG_WARN_BLOCK_CAPTURE_AUTORELEASING = YES;
				CLANG_WARN_BOOL_CONVERSION = YES;
				CLANG_WARN_COMMA = YES;
				CLANG_WARN_CONSTANT_CONVERSION = YES;
				CLANG_WARN_DEPRECATED_OBJC_IMPLEMENTATIONS = YES;
				CLANG_WARN_DIRECT_OBJC_ISA_USAGE = YES_ERROR;
				CLANG_WARN_DOCUMENTATION_COMMENTS = YES;
				CLANG_WARN_EMPTY_BODY = YES;
				CLANG_WARN_ENUM_CONVERSION = YES;
				CLANG_WARN_INFINITE_RECURSION = YES;
				CLANG_WARN_INT_CONVERSION = YES;
				CLANG_WARN_NON_LITERAL_NULL_CONVERSION = YES;
				CLANG_WARN_OBJC_IMPLICIT_RETAIN_SELF = YES;
				CLANG_WARN_OBJC_LITERAL_CONVERSION = YES;
				CLANG_WARN_OBJC_ROOT_CLASS = YES_ERROR;
				CLANG_WARN_QUOTED_INCLUDE_IN_FRAMEWORK_HEADER = YES;
				CLANG_WARN_RANGE_LOOP_ANALYSIS = YES;
				CLANG_WARN_STRICT_PROTOTYPES = YES;
				CLANG_WARN_SUSPICIOUS_MOVE = YES;
				CLANG_WARN_UNGUARDED_AVAILABILITY = YES_AGGRESSIVE;
				CLANG_WARN_UNREACHABLE_CODE = YES;
				CLANG_WARN__DUPLICATE_METHOD_MATCH = YES;
				COPY_PHASE_STRIP = NO;
				DEBUG_INFORMATION_FORMAT = "dwarf-with-dsym";
				DEVELOPMENT_TEAM = YM23CFUN6C;
				ENABLE_NS_ASSERTIONS = NO;
				ENABLE_STRICT_OBJC_MSGSEND = YES;
				ENABLE_USER_SCRIPT_SANDBOXING = YES;
				GCC_C_LANGUAGE_STANDARD = gnu17;
				GCC_NO_COMMON_BLOCKS = YES;
				GCC_WARN_64_TO_32_BIT_CONVERSION = YES;
				GCC_WARN_ABOUT_RETURN_TYPE = YES_ERROR;
				GCC_WARN_UNDECLARED_SELECTOR = YES;
				GCC_WARN_UNINITIALIZED_AUTOS = YES_AGGRESSIVE;
				GCC_WARN_UNUSED_FUNCTION = YES;
				GCC_WARN_UNUSED_VARIABLE = YES;
				IPHONEOS_DEPLOYMENT_TARGET = 18.5;
				LOCALIZATION_PREFERS_STRING_CATALOGS = YES;
				MTL_ENABLE_DEBUG_INFO = NO;
				MTL_FAST_MATH = YES;
				SDKROOT = iphoneos;
				SWIFT_COMPILATION_MODE = wholemodule;
				VALIDATE_PRODUCT = YES;
			};
			name = Release;
		};
		AE18889F2DF8E977009E087C /* Debug */ = {
			isa = XCBuildConfiguration;
			buildSettings = {
				BUNDLE_LOADER = "$(TEST_HOST)";
				CODE_SIGN_STYLE = Automatic;
				CURRENT_PROJECT_VERSION = 1;
				DEVELOPMENT_TEAM = YM23CFUN6C;
				GENERATE_INFOPLIST_FILE = YES;
				IPHONEOS_DEPLOYMENT_TARGET = 18.5;
				MARKETING_VERSION = 1.0;
				PRODUCT_BUNDLE_IDENTIFIER = test.com.ViewerTestProjectTests;
				PRODUCT_NAME = "$(TARGET_NAME)";
				SWIFT_EMIT_LOC_STRINGS = NO;
				SWIFT_VERSION = 5.0;
				TARGETED_DEVICE_FAMILY = "1,2";
				TEST_HOST = "$(BUILT_PRODUCTS_DIR)/ViewerTestProject.app/$(BUNDLE_EXECUTABLE_FOLDER_PATH)/ViewerTestProject";
			};
			name = Debug;
		};
		AE1888A02DF8E977009E087C /* Release */ = {
			isa = XCBuildConfiguration;
			buildSettings = {
				BUNDLE_LOADER = "$(TEST_HOST)";
				CODE_SIGN_STYLE = Automatic;
				CURRENT_PROJECT_VERSION = 1;
				DEVELOPMENT_TEAM = YM23CFUN6C;
				GENERATE_INFOPLIST_FILE = YES;
				IPHONEOS_DEPLOYMENT_TARGET = 18.5;
				MARKETING_VERSION = 1.0;
				PRODUCT_BUNDLE_IDENTIFIER = test.com.ViewerTestProjectTests;
				PRODUCT_NAME = "$(TARGET_NAME)";
				SWIFT_EMIT_LOC_STRINGS = NO;
				SWIFT_VERSION = 5.0;
				TARGETED_DEVICE_FAMILY = "1,2";
				TEST_HOST = "$(BUILT_PRODUCTS_DIR)/ViewerTestProject.app/$(BUNDLE_EXECUTABLE_FOLDER_PATH)/ViewerTestProject";
			};
			name = Release;
		};
		AE1888A22DF8E977009E087C /* Debug */ = {
			isa = XCBuildConfiguration;
			buildSettings = {
				CODE_SIGN_STYLE = Automatic;
				CURRENT_PROJECT_VERSION = 1;
				DEVELOPMENT_TEAM = YM23CFUN6C;
				GENERATE_INFOPLIST_FILE = YES;
				MARKETING_VERSION = 1.0;
				PRODUCT_BUNDLE_IDENTIFIER = test.com.ViewerTestProjectUITests;
				PRODUCT_NAME = "$(TARGET_NAME)";
				SWIFT_EMIT_LOC_STRINGS = NO;
				SWIFT_VERSION = 5.0;
				TARGETED_DEVICE_FAMILY = "1,2";
				TEST_TARGET_NAME = ViewerTestProject;
			};
			name = Debug;
		};
		AE1888A32DF8E977009E087C /* Release */ = {
			isa = XCBuildConfiguration;
			buildSettings = {
				CODE_SIGN_STYLE = Automatic;
				CURRENT_PROJECT_VERSION = 1;
				DEVELOPMENT_TEAM = YM23CFUN6C;
				GENERATE_INFOPLIST_FILE = YES;
				MARKETING_VERSION = 1.0;
				PRODUCT_BUNDLE_IDENTIFIER = test.com.ViewerTestProjectUITests;
				PRODUCT_NAME = "$(TARGET_NAME)";
				SWIFT_EMIT_LOC_STRINGS = NO;
				SWIFT_VERSION = 5.0;
				TARGETED_DEVICE_FAMILY = "1,2";
				TEST_TARGET_NAME = ViewerTestProject;
			};
			name = Release;
		};
/* End XCBuildConfiguration section */

/* Begin XCConfigurationList section */
		AE18886B2DF8E975009E087C /* Build configuration list for PBXProject "ViewerTestProject" */ = {
			isa = XCConfigurationList;
			buildConfigurations = (
				AE18889C2DF8E977009E087C /* Debug */,
				AE18889D2DF8E977009E087C /* Release */,
			);
			defaultConfigurationIsVisible = 0;
			defaultConfigurationName = Release;
		};
		AE1888992DF8E977009E087C /* Build configuration list for PBXNativeTarget "ViewerTestProject" */ = {
			isa = XCConfigurationList;
			buildConfigurations = (
				AE18889A2DF8E977009E087C /* Debug */,
				AE18889B2DF8E977009E087C /* Release */,
			);
			defaultConfigurationIsVisible = 0;
			defaultConfigurationName = Release;
		};
		AE18889E2DF8E977009E087C /* Build configuration list for PBXNativeTarget "ViewerTestProjectTests" */ = {
			isa = XCConfigurationList;
			buildConfigurations = (
				AE18889F2DF8E977009E087C /* Debug */,
				AE1888A02DF8E977009E087C /* Release */,
			);
			defaultConfigurationIsVisible = 0;
			defaultConfigurationName = Release;
		};
		AE1888A12DF8E977009E087C /* Build configuration list for PBXNativeTarget "ViewerTestProjectUITests" */ = {
			isa = XCConfigurationList;
			buildConfigurations = (
				AE1888A22DF8E977009E087C /* Debug */,
				AE1888A32DF8E977009E087C /* Release */,
			);
			defaultConfigurationIsVisible = 0;
			defaultConfigurationName = Release;
		};
/* End XCConfigurationList section */
	};
	rootObject = AE1888682DF8E975009E087C /* Project object */;
}
